
Microsoft Visual Studio Solution File, Format Version 12.00
# Visual Studio Version 17
VisualStudioVersion = 17.13.35919.96
MinimumVisualStudioVersion = 10.0.40219.1
Project("{FAE04EC0-301F-11D3-BF4B-00C04F79EFBC}") = "CogniPyLib", "CogniPyLib\CogniPyLib.csproj", "{C1D94BE7-781F-471E-89AA-FB20010DA157}"
EndProject
Project("{FAE04EC0-301F-11D3-BF4B-00C04F79EFBC}") = "CogniPyUnitTests", "CogniPyUnitTests\CogniPyUnitTests.csproj", "{5345F8BB-7969-4348-A6A2-D9B54FDC1075}"
EndProject
Project("{FAE04EC0-301F-11D3-BF4B-00C04F79EFBC}") = "CogniPyCLI", "CogniPyCLI\CogniPyCLI.csproj", "{95B92C77-B418-4F44-B115-EC8ACAE2C040}"
EndProject
Project("{FAE04EC0-301F-11D3-BF4B-00C04F79EFBC}") = "ASTManager", "ASTManager\ASTManager.csproj", "{5BC2C162-8AB5-425D-A914-3CFEDCAF3AA3}"
EndProject
Project("{FAE04EC0-301F-11D3-BF4B-00C04F79EFBC}") = "Tester", "Tester\Tester.csproj", "{4EDE865F-738C-169A-B2D1-FB516BB2C937}"
EndProject
Project("{FAE04EC0-301F-11D3-BF4B-00C04F79EFBC}") = "ConsoleApp1", "ConsoleApp1\ConsoleApp1.csproj", "{891E1688-2145-48A8-AB9A-698E5A4B642E}"
EndProject
Global
	GlobalSection(SolutionConfigurationPlatforms) = preSolution
		Debug|Any CPU = Debug|Any CPU
		Debug|Mixed Platforms = Debug|Mixed Platforms
		Debug|x64 = Debug|x64
		Debug|x86 = Debug|x86
		DebugTests|Any CPU = DebugTests|Any CPU
		DebugTests|Mixed Platforms = DebugTests|Mixed Platforms
		DebugTests|x64 = DebugTests|x64
		DebugTests|x86 = DebugTests|x86
		Deploy|Any CPU = Deploy|Any CPU
		Deploy|Mixed Platforms = Deploy|Mixed Platforms
		Deploy|x64 = Deploy|x64
		Deploy|x86 = Deploy|x86
		Release_install|Any CPU = Release_install|Any CPU
		Release_install|Mixed Platforms = Release_install|Mixed Platforms
		Release_install|x64 = Release_install|x64
		Release_install|x86 = Release_install|x86
		Release|Any CPU = Release|Any CPU
		Release|Mixed Platforms = Release|Mixed Platforms
		Release|x64 = Release|x64
		Release|x86 = Release|x86
	EndGlobalSection
	GlobalSection(ProjectConfigurationPlatforms) = postSolution
		{C1D94BE7-781F-471E-89AA-FB20010DA157}.Debug|Any CPU.ActiveCfg = Debug|Any CPU
		{C1D94BE7-781F-471E-89AA-FB20010DA157}.Debug|Any CPU.Build.0 = Debug|Any CPU
		{C1D94BE7-781F-471E-89AA-FB20010DA157}.Debug|Mixed Platforms.ActiveCfg = Debug|Any CPU
		{C1D94BE7-781F-471E-89AA-FB20010DA157}.Debug|Mixed Platforms.Build.0 = Debug|Any CPU
		{C1D94BE7-781F-471E-89AA-FB20010DA157}.Debug|x64.ActiveCfg = Debug|Any CPU
		{C1D94BE7-781F-471E-89AA-FB20010DA157}.Debug|x86.ActiveCfg = Debug|Any CPU
		{C1D94BE7-781F-471E-89AA-FB20010DA157}.DebugTests|Any CPU.ActiveCfg = Debug|Any CPU
		{C1D94BE7-781F-471E-89AA-FB20010DA157}.DebugTests|Any CPU.Build.0 = Debug|Any CPU
		{C1D94BE7-781F-471E-89AA-FB20010DA157}.DebugTests|Mixed Platforms.ActiveCfg = Debug|Any CPU
		{C1D94BE7-781F-471E-89AA-FB20010DA157}.DebugTests|Mixed Platforms.Build.0 = Debug|Any CPU
		{C1D94BE7-781F-471E-89AA-FB20010DA157}.DebugTests|x64.ActiveCfg = Debug|Any CPU
		{C1D94BE7-781F-471E-89AA-FB20010DA157}.DebugTests|x86.ActiveCfg = Debug|Any CPU
		{C1D94BE7-781F-471E-89AA-FB20010DA157}.Deploy|Any CPU.ActiveCfg = Debug|Any CPU
		{C1D94BE7-781F-471E-89AA-FB20010DA157}.Deploy|Any CPU.Build.0 = Debug|Any CPU
		{C1D94BE7-781F-471E-89AA-FB20010DA157}.Deploy|Mixed Platforms.ActiveCfg = Debug|Any CPU
		{C1D94BE7-781F-471E-89AA-FB20010DA157}.Deploy|Mixed Platforms.Build.0 = Debug|Any CPU
		{C1D94BE7-781F-471E-89AA-FB20010DA157}.Deploy|x64.ActiveCfg = Debug|Any CPU
		{C1D94BE7-781F-471E-89AA-FB20010DA157}.Deploy|x86.ActiveCfg = Debug|Any CPU
		{C1D94BE7-781F-471E-89AA-FB20010DA157}.Release_install|Any CPU.ActiveCfg = Release|Any CPU
		{C1D94BE7-781F-471E-89AA-FB20010DA157}.Release_install|Any CPU.Build.0 = Release|Any CPU
		{C1D94BE7-781F-471E-89AA-FB20010DA157}.Release_install|Mixed Platforms.ActiveCfg = Release|Any CPU
		{C1D94BE7-781F-471E-89AA-FB20010DA157}.Release_install|Mixed Platforms.Build.0 = Release|Any CPU
		{C1D94BE7-781F-471E-89AA-FB20010DA157}.Release_install|x64.ActiveCfg = Release|Any CPU
		{C1D94BE7-781F-471E-89AA-FB20010DA157}.Release_install|x86.ActiveCfg = Release|Any CPU
		{C1D94BE7-781F-471E-89AA-FB20010DA157}.Release|Any CPU.ActiveCfg = Release|Any CPU
		{C1D94BE7-781F-471E-89AA-FB20010DA157}.Release|Any CPU.Build.0 = Release|Any CPU
		{C1D94BE7-781F-471E-89AA-FB20010DA157}.Release|Mixed Platforms.ActiveCfg = Release|Any CPU
		{C1D94BE7-781F-471E-89AA-FB20010DA157}.Release|Mixed Platforms.Build.0 = Release|Any CPU
		{C1D94BE7-781F-471E-89AA-FB20010DA157}.Release|x64.ActiveCfg = Release|Any CPU
		{C1D94BE7-781F-471E-89AA-FB20010DA157}.Release|x86.ActiveCfg = Release|Any CPU
		{5345F8BB-7969-4348-A6A2-D9B54FDC1075}.Debug|Any CPU.ActiveCfg = Debug|Any CPU
		{5345F8BB-7969-4348-A6A2-D9B54FDC1075}.Debug|Any CPU.Build.0 = Debug|Any CPU
		{5345F8BB-7969-4348-A6A2-D9B54FDC1075}.Debug|Mixed Platforms.ActiveCfg = Debug|Any CPU
		{5345F8BB-7969-4348-A6A2-D9B54FDC1075}.Debug|Mixed Platforms.Build.0 = Debug|Any CPU
		{5345F8BB-7969-4348-A6A2-D9B54FDC1075}.Debug|x64.ActiveCfg = Debug|Any CPU
		{5345F8BB-7969-4348-A6A2-D9B54FDC1075}.Debug|x64.Build.0 = Debug|Any CPU
		{5345F8BB-7969-4348-A6A2-D9B54FDC1075}.Debug|x86.ActiveCfg = Debug|Any CPU
		{5345F8BB-7969-4348-A6A2-D9B54FDC1075}.Debug|x86.Build.0 = Debug|Any CPU
		{5345F8BB-7969-4348-A6A2-D9B54FDC1075}.DebugTests|Any CPU.ActiveCfg = Debug|Any CPU
		{5345F8BB-7969-4348-A6A2-D9B54FDC1075}.DebugTests|Any CPU.Build.0 = Debug|Any CPU
		{5345F8BB-7969-4348-A6A2-D9B54FDC1075}.DebugTests|Mixed Platforms.ActiveCfg = Debug|Any CPU
		{5345F8BB-7969-4348-A6A2-D9B54FDC1075}.DebugTests|Mixed Platforms.Build.0 = Debug|Any CPU
		{5345F8BB-7969-4348-A6A2-D9B54FDC1075}.DebugTests|x64.ActiveCfg = Debug|Any CPU
		{5345F8BB-7969-4348-A6A2-D9B54FDC1075}.DebugTests|x64.Build.0 = Debug|Any CPU
		{5345F8BB-7969-4348-A6A2-D9B54FDC1075}.DebugTests|x86.ActiveCfg = Debug|Any CPU
		{5345F8BB-7969-4348-A6A2-D9B54FDC1075}.DebugTests|x86.Build.0 = Debug|Any CPU
		{5345F8BB-7969-4348-A6A2-D9B54FDC1075}.Deploy|Any CPU.ActiveCfg = Debug|Any CPU
		{5345F8BB-7969-4348-A6A2-D9B54FDC1075}.Deploy|Any CPU.Build.0 = Debug|Any CPU
		{5345F8BB-7969-4348-A6A2-D9B54FDC1075}.Deploy|Mixed Platforms.ActiveCfg = Debug|Any CPU
		{5345F8BB-7969-4348-A6A2-D9B54FDC1075}.Deploy|Mixed Platforms.Build.0 = Debug|Any CPU
		{5345F8BB-7969-4348-A6A2-D9B54FDC1075}.Deploy|x64.ActiveCfg = Debug|Any CPU
		{5345F8BB-7969-4348-A6A2-D9B54FDC1075}.Deploy|x64.Build.0 = Debug|Any CPU
		{5345F8BB-7969-4348-A6A2-D9B54FDC1075}.Deploy|x86.ActiveCfg = Debug|Any CPU
		{5345F8BB-7969-4348-A6A2-D9B54FDC1075}.Deploy|x86.Build.0 = Debug|Any CPU
		{5345F8BB-7969-4348-A6A2-D9B54FDC1075}.Release_install|Any CPU.ActiveCfg = Release|Any CPU
		{5345F8BB-7969-4348-A6A2-D9B54FDC1075}.Release_install|Any CPU.Build.0 = Release|Any CPU
		{5345F8BB-7969-4348-A6A2-D9B54FDC1075}.Release_install|Mixed Platforms.ActiveCfg = Release|Any CPU
		{5345F8BB-7969-4348-A6A2-D9B54FDC1075}.Release_install|Mixed Platforms.Build.0 = Release|Any CPU
		{5345F8BB-7969-4348-A6A2-D9B54FDC1075}.Release_install|x64.ActiveCfg = Release|Any CPU
		{5345F8BB-7969-4348-A6A2-D9B54FDC1075}.Release_install|x64.Build.0 = Release|Any CPU
		{5345F8BB-7969-4348-A6A2-D9B54FDC1075}.Release_install|x86.ActiveCfg = Release|Any CPU
		{5345F8BB-7969-4348-A6A2-D9B54FDC1075}.Release_install|x86.Build.0 = Release|Any CPU
		{5345F8BB-7969-4348-A6A2-D9B54FDC1075}.Release|Any CPU.ActiveCfg = Release|Any CPU
		{5345F8BB-7969-4348-A6A2-D9B54FDC1075}.Release|Any CPU.Build.0 = Release|Any CPU
		{5345F8BB-7969-4348-A6A2-D9B54FDC1075}.Release|Mixed Platforms.ActiveCfg = Release|Any CPU
		{5345F8BB-7969-4348-A6A2-D9B54FDC1075}.Release|Mixed Platforms.Build.0 = Release|Any CPU
		{5345F8BB-7969-4348-A6A2-D9B54FDC1075}.Release|x64.ActiveCfg = Release|Any CPU
		{5345F8BB-7969-4348-A6A2-D9B54FDC1075}.Release|x64.Build.0 = Release|Any CPU
		{5345F8BB-7969-4348-A6A2-D9B54FDC1075}.Release|x86.ActiveCfg = Release|Any CPU
		{5345F8BB-7969-4348-A6A2-D9B54FDC1075}.Release|x86.Build.0 = Release|Any CPU
		{95B92C77-B418-4F44-B115-EC8ACAE2C040}.Debug|Any CPU.ActiveCfg = Debug|Any CPU
		{95B92C77-B418-4F44-B115-EC8ACAE2C040}.Debug|Any CPU.Build.0 = Debug|Any CPU
		{95B92C77-B418-4F44-B115-EC8ACAE2C040}.Debug|Mixed Platforms.ActiveCfg = Debug|Any CPU
		{95B92C77-B418-4F44-B115-EC8ACAE2C040}.Debug|Mixed Platforms.Build.0 = Debug|Any CPU
		{95B92C77-B418-4F44-B115-EC8ACAE2C040}.Debug|x64.ActiveCfg = Debug|Any CPU
		{95B92C77-B418-4F44-B115-EC8ACAE2C040}.Debug|x64.Build.0 = Debug|Any CPU
		{95B92C77-B418-4F44-B115-EC8ACAE2C040}.Debug|x86.ActiveCfg = Debug|Any CPU
		{95B92C77-B418-4F44-B115-EC8ACAE2C040}.Debug|x86.Build.0 = Debug|Any CPU
		{95B92C77-B418-4F44-B115-EC8ACAE2C040}.DebugTests|Any CPU.ActiveCfg = Debug|Any CPU
		{95B92C77-B418-4F44-B115-EC8ACAE2C040}.DebugTests|Any CPU.Build.0 = Debug|Any CPU
		{95B92C77-B418-4F44-B115-EC8ACAE2C040}.DebugTests|Mixed Platforms.ActiveCfg = Debug|Any CPU
		{95B92C77-B418-4F44-B115-EC8ACAE2C040}.DebugTests|Mixed Platforms.Build.0 = Debug|Any CPU
		{95B92C77-B418-4F44-B115-EC8ACAE2C040}.DebugTests|x64.ActiveCfg = Debug|Any CPU
		{95B92C77-B418-4F44-B115-EC8ACAE2C040}.DebugTests|x64.Build.0 = Debug|Any CPU
		{95B92C77-B418-4F44-B115-EC8ACAE2C040}.DebugTests|x86.ActiveCfg = Debug|Any CPU
		{95B92C77-B418-4F44-B115-EC8ACAE2C040}.DebugTests|x86.Build.0 = Debug|Any CPU
		{95B92C77-B418-4F44-B115-EC8ACAE2C040}.Deploy|Any CPU.ActiveCfg = Debug|Any CPU
		{95B92C77-B418-4F44-B115-EC8ACAE2C040}.Deploy|Any CPU.Build.0 = Debug|Any CPU
		{95B92C77-B418-4F44-B115-EC8ACAE2C040}.Deploy|Mixed Platforms.ActiveCfg = Debug|Any CPU
		{95B92C77-B418-4F44-B115-EC8ACAE2C040}.Deploy|Mixed Platforms.Build.0 = Debug|Any CPU
		{95B92C77-B418-4F44-B115-EC8ACAE2C040}.Deploy|x64.ActiveCfg = Debug|Any CPU
		{95B92C77-B418-4F44-B115-EC8ACAE2C040}.Deploy|x64.Build.0 = Debug|Any CPU
		{95B92C77-B418-4F44-B115-EC8ACAE2C040}.Deploy|x86.ActiveCfg = Debug|Any CPU
		{95B92C77-B418-4F44-B115-EC8ACAE2C040}.Deploy|x86.Build.0 = Debug|Any CPU
		{95B92C77-B418-4F44-B115-EC8ACAE2C040}.Release_install|Any CPU.ActiveCfg = Release|Any CPU
		{95B92C77-B418-4F44-B115-EC8ACAE2C040}.Release_install|Any CPU.Build.0 = Release|Any CPU
		{95B92C77-B418-4F44-B115-EC8ACAE2C040}.Release_install|Mixed Platforms.ActiveCfg = Release|Any CPU
		{95B92C77-B418-4F44-B115-EC8ACAE2C040}.Release_install|Mixed Platforms.Build.0 = Release|Any CPU
		{95B92C77-B418-4F44-B115-EC8ACAE2C040}.Release_install|x64.ActiveCfg = Release|Any CPU
		{95B92C77-B418-4F44-B115-EC8ACAE2C040}.Release_install|x64.Build.0 = Release|Any CPU
		{95B92C77-B418-4F44-B115-EC8ACAE2C040}.Release_install|x86.ActiveCfg = Release|Any CPU
		{95B92C77-B418-4F44-B115-EC8ACAE2C040}.Release_install|x86.Build.0 = Release|Any CPU
		{95B92C77-B418-4F44-B115-EC8ACAE2C040}.Release|Any CPU.ActiveCfg = Release|Any CPU
		{95B92C77-B418-4F44-B115-EC8ACAE2C040}.Release|Any CPU.Build.0 = Release|Any CPU
		{95B92C77-B418-4F44-B115-EC8ACAE2C040}.Release|Mixed Platforms.ActiveCfg = Release|Any CPU
		{95B92C77-B418-4F44-B115-EC8ACAE2C040}.Release|Mixed Platforms.Build.0 = Release|Any CPU
		{95B92C77-B418-4F44-B115-EC8ACAE2C040}.Release|x64.ActiveCfg = Release|Any CPU
		{95B92C77-B418-4F44-B115-EC8ACAE2C040}.Release|x64.Build.0 = Release|Any CPU
		{95B92C77-B418-4F44-B115-EC8ACAE2C040}.Release|x86.ActiveCfg = Release|Any CPU
		{95B92C77-B418-4F44-B115-EC8ACAE2C040}.Release|x86.Build.0 = Release|Any CPU
		{5BC2C162-8AB5-425D-A914-3CFEDCAF3AA3}.Debug|Any CPU.ActiveCfg = Debug|Any CPU
		{5BC2C162-8AB5-425D-A914-3CFEDCAF3AA3}.Debug|Any CPU.Build.0 = Debug|Any CPU
		{5BC2C162-8AB5-425D-A914-3CFEDCAF3AA3}.Debug|Mixed Platforms.ActiveCfg = Debug|Any CPU
		{5BC2C162-8AB5-425D-A914-3CFEDCAF3AA3}.Debug|Mixed Platforms.Build.0 = Debug|Any CPU
		{5BC2C162-8AB5-425D-A914-3CFEDCAF3AA3}.Debug|x64.ActiveCfg = Debug|Any CPU
		{5BC2C162-8AB5-425D-A914-3CFEDCAF3AA3}.Debug|x64.Build.0 = Debug|Any CPU
		{5BC2C162-8AB5-425D-A914-3CFEDCAF3AA3}.Debug|x86.ActiveCfg = Debug|Any CPU
		{5BC2C162-8AB5-425D-A914-3CFEDCAF3AA3}.Debug|x86.Build.0 = Debug|Any CPU
		{5BC2C162-8AB5-425D-A914-3CFEDCAF3AA3}.DebugTests|Any CPU.ActiveCfg = Debug|Any CPU
		{5BC2C162-8AB5-425D-A914-3CFEDCAF3AA3}.DebugTests|Any CPU.Build.0 = Debug|Any CPU
		{5BC2C162-8AB5-425D-A914-3CFEDCAF3AA3}.DebugTests|Mixed Platforms.ActiveCfg = Debug|Any CPU
		{5BC2C162-8AB5-425D-A914-3CFEDCAF3AA3}.DebugTests|Mixed Platforms.Build.0 = Debug|Any CPU
		{5BC2C162-8AB5-425D-A914-3CFEDCAF3AA3}.DebugTests|x64.ActiveCfg = Debug|Any CPU
		{5BC2C162-8AB5-425D-A914-3CFEDCAF3AA3}.DebugTests|x64.Build.0 = Debug|Any CPU
		{5BC2C162-8AB5-425D-A914-3CFEDCAF3AA3}.DebugTests|x86.ActiveCfg = Debug|Any CPU
		{5BC2C162-8AB5-425D-A914-3CFEDCAF3AA3}.DebugTests|x86.Build.0 = Debug|Any CPU
		{5BC2C162-8AB5-425D-A914-3CFEDCAF3AA3}.Deploy|Any CPU.ActiveCfg = Release|Any CPU
		{5BC2C162-8AB5-425D-A914-3CFEDCAF3AA3}.Deploy|Any CPU.Build.0 = Release|Any CPU
		{5BC2C162-8AB5-425D-A914-3CFEDCAF3AA3}.Deploy|Mixed Platforms.ActiveCfg = Release|Any CPU
		{5BC2C162-8AB5-425D-A914-3CFEDCAF3AA3}.Deploy|Mixed Platforms.Build.0 = Release|Any CPU
		{5BC2C162-8AB5-425D-A914-3CFEDCAF3AA3}.Deploy|x64.ActiveCfg = Release|Any CPU
		{5BC2C162-8AB5-425D-A914-3CFEDCAF3AA3}.Deploy|x64.Build.0 = Release|Any CPU
		{5BC2C162-8AB5-425D-A914-3CFEDCAF3AA3}.Deploy|x86.ActiveCfg = Release|Any CPU
		{5BC2C162-8AB5-425D-A914-3CFEDCAF3AA3}.Deploy|x86.Build.0 = Release|Any CPU
		{5BC2C162-8AB5-425D-A914-3CFEDCAF3AA3}.Release_install|Any CPU.ActiveCfg = Release|Any CPU
		{5BC2C162-8AB5-425D-A914-3CFEDCAF3AA3}.Release_install|Any CPU.Build.0 = Release|Any CPU
		{5BC2C162-8AB5-425D-A914-3CFEDCAF3AA3}.Release_install|Mixed Platforms.ActiveCfg = Release|Any CPU
		{5BC2C162-8AB5-425D-A914-3CFEDCAF3AA3}.Release_install|Mixed Platforms.Build.0 = Release|Any CPU
		{5BC2C162-8AB5-425D-A914-3CFEDCAF3AA3}.Release_install|x64.ActiveCfg = Release|Any CPU
		{5BC2C162-8AB5-425D-A914-3CFEDCAF3AA3}.Release_install|x64.Build.0 = Release|Any CPU
		{5BC2C162-8AB5-425D-A914-3CFEDCAF3AA3}.Release_install|x86.ActiveCfg = Release|Any CPU
		{5BC2C162-8AB5-425D-A914-3CFEDCAF3AA3}.Release_install|x86.Build.0 = Release|Any CPU
		{5BC2C162-8AB5-425D-A914-3CFEDCAF3AA3}.Release|Any CPU.ActiveCfg = Release|Any CPU
		{5BC2C162-8AB5-425D-A914-3CFEDCAF3AA3}.Release|Any CPU.Build.0 = Release|Any CPU
		{5BC2C162-8AB5-425D-A914-3CFEDCAF3AA3}.Release|Mixed Platforms.ActiveCfg = Release|Any CPU
		{5BC2C162-8AB5-425D-A914-3CFEDCAF3AA3}.Release|Mixed Platforms.Build.0 = Release|Any CPU
		{5BC2C162-8AB5-425D-A914-3CFEDCAF3AA3}.Release|x64.ActiveCfg = Release|Any CPU
		{5BC2C162-8AB5-425D-A914-3CFEDCAF3AA3}.Release|x64.Build.0 = Release|Any CPU
		{5BC2C162-8AB5-425D-A914-3CFEDCAF3AA3}.Release|x86.ActiveCfg = Release|Any CPU
		{5BC2C162-8AB5-425D-A914-3CFEDCAF3AA3}.Release|x86.Build.0 = Release|Any CPU
		{4EDE865F-738C-169A-B2D1-FB516BB2C937}.Debug|Any CPU.ActiveCfg = Debug|Any CPU
		{4EDE865F-738C-169A-B2D1-FB516BB2C937}.Debug|Any CPU.Build.0 = Debug|Any CPU
		{4EDE865F-738C-169A-B2D1-FB516BB2C937}.Debug|Mixed Platforms.ActiveCfg = Debug|Any CPU
		{4EDE865F-738C-169A-B2D1-FB516BB2C937}.Debug|Mixed Platforms.Build.0 = Debug|Any CPU
		{4EDE865F-738C-169A-B2D1-FB516BB2C937}.Debug|x64.ActiveCfg = Debug|Any CPU
		{4EDE865F-738C-169A-B2D1-FB516BB2C937}.Debug|x64.Build.0 = Debug|Any CPU
		{4EDE865F-738C-169A-B2D1-FB516BB2C937}.Debug|x86.ActiveCfg = Debug|Any CPU
		{4EDE865F-738C-169A-B2D1-FB516BB2C937}.Debug|x86.Build.0 = Debug|Any CPU
		{4EDE865F-738C-169A-B2D1-FB516BB2C937}.DebugTests|Any CPU.ActiveCfg = Debug|Any CPU
		{4EDE865F-738C-169A-B2D1-FB516BB2C937}.DebugTests|Any CPU.Build.0 = Debug|Any CPU
		{4EDE865F-738C-169A-B2D1-FB516BB2C937}.DebugTests|Mixed Platforms.ActiveCfg = Debug|Any CPU
		{4EDE865F-738C-169A-B2D1-FB516BB2C937}.DebugTests|Mixed Platforms.Build.0 = Debug|Any CPU
		{4EDE865F-738C-169A-B2D1-FB516BB2C937}.DebugTests|x64.ActiveCfg = Debug|Any CPU
		{4EDE865F-738C-169A-B2D1-FB516BB2C937}.DebugTests|x64.Build.0 = Debug|Any CPU
		{4EDE865F-738C-169A-B2D1-FB516BB2C937}.DebugTests|x86.ActiveCfg = Debug|Any CPU
		{4EDE865F-738C-169A-B2D1-FB516BB2C937}.DebugTests|x86.Build.0 = Debug|Any CPU
		{4EDE865F-738C-169A-B2D1-FB516BB2C937}.Deploy|Any CPU.ActiveCfg = Release|Any CPU
		{4EDE865F-738C-169A-B2D1-FB516BB2C937}.Deploy|Any CPU.Build.0 = Release|Any CPU
		{4EDE865F-738C-169A-B2D1-FB516BB2C937}.Deploy|Mixed Platforms.ActiveCfg = Release|Any CPU
		{4EDE865F-738C-169A-B2D1-FB516BB2C937}.Deploy|Mixed Platforms.Build.0 = Release|Any CPU
		{4EDE865F-738C-169A-B2D1-FB516BB2C937}.Deploy|x64.ActiveCfg = Release|Any CPU
		{4EDE865F-738C-169A-B2D1-FB516BB2C937}.Deploy|x64.Build.0 = Release|Any CPU
		{4EDE865F-738C-169A-B2D1-FB516BB2C937}.Deploy|x86.ActiveCfg = Release|Any CPU
		{4EDE865F-738C-169A-B2D1-FB516BB2C937}.Deploy|x86.Build.0 = Release|Any CPU
		{4EDE865F-738C-169A-B2D1-FB516BB2C937}.Release_install|Any CPU.ActiveCfg = Release|Any CPU
		{4EDE865F-738C-169A-B2D1-FB516BB2C937}.Release_install|Any CPU.Build.0 = Release|Any CPU
		{4EDE865F-738C-169A-B2D1-FB516BB2C937}.Release_install|Mixed Platforms.ActiveCfg = Release|Any CPU
		{4EDE865F-738C-169A-B2D1-FB516BB2C937}.Release_install|Mixed Platforms.Build.0 = Release|Any CPU
		{4EDE865F-738C-169A-B2D1-FB516BB2C937}.Release_install|x64.ActiveCfg = Release|Any CPU
		{4EDE865F-738C-169A-B2D1-FB516BB2C937}.Release_install|x64.Build.0 = Release|Any CPU
		{4EDE865F-738C-169A-B2D1-FB516BB2C937}.Release_install|x86.ActiveCfg = Release|Any CPU
		{4EDE865F-738C-169A-B2D1-FB516BB2C937}.Release_install|x86.Build.0 = Release|Any CPU
		{4EDE865F-738C-169A-B2D1-FB516BB2C937}.Release|Any CPU.ActiveCfg = Release|Any CPU
		{4EDE865F-738C-169A-B2D1-FB516BB2C937}.Release|Any CPU.Build.0 = Release|Any CPU
		{4EDE865F-738C-169A-B2D1-FB516BB2C937}.Release|Mixed Platforms.ActiveCfg = Release|Any CPU
		{4EDE865F-738C-169A-B2D1-FB516BB2C937}.Release|Mixed Platforms.Build.0 = Release|Any CPU
		{4EDE865F-738C-169A-B2D1-FB516BB2C937}.Release|x64.ActiveCfg = Release|Any CPU
		{4EDE865F-738C-169A-B2D1-FB516BB2C937}.Release|x64.Build.0 = Release|Any CPU
		{4EDE865F-738C-169A-B2D1-FB516BB2C937}.Release|x86.ActiveCfg = Release|Any CPU
		{4EDE865F-738C-169A-B2D1-FB516BB2C937}.Release|x86.Build.0 = Release|Any CPU
		{891E1688-2145-48A8-AB9A-698E5A4B642E}.Debug|Any CPU.ActiveCfg = Debug|Any CPU
		{891E1688-2145-48A8-AB9A-698E5A4B642E}.Debug|Any CPU.Build.0 = Debug|Any CPU
		{891E1688-2145-48A8-AB9A-698E5A4B642E}.Debug|Mixed Platforms.ActiveCfg = Debug|Any CPU
		{891E1688-2145-48A8-AB9A-698E5A4B642E}.Debug|Mixed Platforms.Build.0 = Debug|Any CPU
		{891E1688-2145-48A8-AB9A-698E5A4B642E}.Debug|x64.ActiveCfg = Debug|Any CPU
		{891E1688-2145-48A8-AB9A-698E5A4B642E}.Debug|x64.Build.0 = Debug|Any CPU
		{891E1688-2145-48A8-AB9A-698E5A4B642E}.Debug|x86.ActiveCfg = Debug|Any CPU
		{891E1688-2145-48A8-AB9A-698E5A4B642E}.Debug|x86.Build.0 = Debug|Any CPU
		{891E1688-2145-48A8-AB9A-698E5A4B642E}.DebugTests|Any CPU.ActiveCfg = Debug|Any CPU
		{891E1688-2145-48A8-AB9A-698E5A4B642E}.DebugTests|Any CPU.Build.0 = Debug|Any CPU
		{891E1688-2145-48A8-AB9A-698E5A4B642E}.DebugTests|Mixed Platforms.ActiveCfg = Debug|Any CPU
		{891E1688-2145-48A8-AB9A-698E5A4B642E}.DebugTests|Mixed Platforms.Build.0 = Debug|Any CPU
		{891E1688-2145-48A8-AB9A-698E5A4B642E}.DebugTests|x64.ActiveCfg = Debug|Any CPU
		{891E1688-2145-48A8-AB9A-698E5A4B642E}.DebugTests|x64.Build.0 = Debug|Any CPU
		{891E1688-2145-48A8-AB9A-698E5A4B642E}.DebugTests|x86.ActiveCfg = Debug|Any CPU
		{891E1688-2145-48A8-AB9A-698E5A4B642E}.DebugTests|x86.Build.0 = Debug|Any CPU
		{891E1688-2145-48A8-AB9A-698E5A4B642E}.Deploy|Any CPU.ActiveCfg = Release|Any CPU
		{891E1688-2145-48A8-AB9A-698E5A4B642E}.Deploy|Any CPU.Build.0 = Release|Any CPU
		{891E1688-2145-48A8-AB9A-698E5A4B642E}.Deploy|Mixed Platforms.ActiveCfg = Release|Any CPU
		{891E1688-2145-48A8-AB9A-698E5A4B642E}.Deploy|Mixed Platforms.Build.0 = Release|Any CPU
		{891E1688-2145-48A8-AB9A-698E5A4B642E}.Deploy|x64.ActiveCfg = Release|Any CPU
		{891E1688-2145-48A8-AB9A-698E5A4B642E}.Deploy|x64.Build.0 = Release|Any CPU
		{891E1688-2145-48A8-AB9A-698E5A4B642E}.Deploy|x86.ActiveCfg = Release|Any CPU
		{891E1688-2145-48A8-AB9A-698E5A4B642E}.Deploy|x86.Build.0 = Release|Any CPU
		{891E1688-2145-48A8-AB9A-698E5A4B642E}.Release_install|Any CPU.ActiveCfg = Release|Any CPU
		{891E1688-2145-48A8-AB9A-698E5A4B642E}.Release_install|Any CPU.Build.0 = Release|Any CPU
		{891E1688-2145-48A8-AB9A-698E5A4B642E}.Release_install|Mixed Platforms.ActiveCfg = Release|Any CPU
		{891E1688-2145-48A8-AB9A-698E5A4B642E}.Release_install|Mixed Platforms.Build.0 = Release|Any CPU
		{891E1688-2145-48A8-AB9A-698E5A4B642E}.Release_install|x64.ActiveCfg = Release|Any CPU
		{891E1688-2145-48A8-AB9A-698E5A4B642E}.Release_install|x64.Build.0 = Release|Any CPU
		{891E1688-2145-48A8-AB9A-698E5A4B642E}.Release_install|x86.ActiveCfg = Release|Any CPU
		{891E1688-2145-48A8-AB9A-698E5A4B642E}.Release_install|x86.Build.0 = Release|Any CPU
		{891E1688-2145-48A8-AB9A-698E5A4B642E}.Release|Any CPU.ActiveCfg = Release|Any CPU
		{891E1688-2145-48A8-AB9A-698E5A4B642E}.Release|Any CPU.Build.0 = Release|Any CPU
		{891E1688-2145-48A8-AB9A-698E5A4B642E}.Release|Mixed Platforms.ActiveCfg = Release|Any CPU
		{891E1688-2145-48A8-AB9A-698E5A4B642E}.Release|Mixed Platforms.Build.0 = Release|Any CPU
		{891E1688-2145-48A8-AB9A-698E5A4B642E}.Release|x64.ActiveCfg = Release|Any CPU
		{891E1688-2145-48A8-AB9A-698E5A4B642E}.Release|x64.Build.0 = Release|Any CPU
		{891E1688-2145-48A8-AB9A-698E5A4B642E}.Release|x86.ActiveCfg = Release|Any CPU
		{891E1688-2145-48A8-AB9A-698E5A4B642E}.Release|x86.Build.0 = Release|Any CPU
	EndGlobalSection
	GlobalSection(SolutionProperties) = preSolution
		HideSolutionNode = FALSE
	EndGlobalSection
	GlobalSection(ExtensibilityGlobals) = postSolution
		SolutionGuid = {978B2752-B26A-4B89-82FD-26AB22D1CAA0}
	EndGlobalSection
EndGlobal
